
Microsoft Visual Studio Solution File, Format Version 12.00
# Visual Studio 15
VisualStudioVersion = 15.0.28010.2036
MinimumVisualStudioVersion = 10.0.40219.1
Project("{FAE04EC0-301F-11D3-BF4B-00C04F79EFBC}") = "Nirge.Core", "Nirge.Core\Nirge.Core.csproj", "{178FEAD3-C095-4CCF-B65F-686B8CFBA30A}"
EndProject
Global
	GlobalSection(SolutionConfigurationPlatforms) = preSolution
		Debug|Any CPU = Debug|Any CPU
		Release|Any CPU = Release|Any CPU
	EndGlobalSection
	GlobalSection(ProjectConfigurationPlatforms) = postSolution
		{178FEAD3-C095-4CCF-B65F-686B8CFBA30A}.Debug|Any CPU.ActiveCfg = Debug|Any CPU
		{178FEAD3-C095-4CCF-B65F-686B8CFBA30A}.Debug|Any CPU.Build.0 = Debug|Any CPU
		{178FEAD3-C095-4CCF-B65F-686B8CFBA30A}.Release|Any CPU.ActiveCfg = Release|Any CPU
		{178FEAD3-C095-4CCF-B65F-686B8CFBA30A}.Release|Any CPU.Build.0 = Release|Any CPU
	EndGlobalSection
	GlobalSection(SolutionProperties) = preSolution
		HideSolutionNode = FALSE
	EndGlobalSection
	GlobalSection(ExtensibilityGlobals) = postSolution
		SolutionGuid = {FD1AD9C6-64C4-4F30-A848-13DE6985DEF6}
	EndGlobalSection
EndGlobal
