
Microsoft Visual Studio Solution File, Format Version 12.00
# Visual Studio 15
VisualStudioVersion = 15.0.26730.8
MinimumVisualStudioVersion = 10.0.40219.1
Project("{9A19103F-16F7-4668-BE54-9A1E7A4F7556}") = "Nirge.Core", "Nirge.Core\Nirge.Core.csproj", "{6224653A-AED6-48ED-90DE-D53FC1F88686}"
EndProject
Global
	GlobalSection(SolutionConfigurationPlatforms) = preSolution
		Debug|Any CPU = Debug|Any CPU
		Release|Any CPU = Release|Any CPU
	EndGlobalSection
	GlobalSection(ProjectConfigurationPlatforms) = postSolution
		{6224653A-AED6-48ED-90DE-D53FC1F88686}.Debug|Any CPU.ActiveCfg = Debug|Any CPU
		{6224653A-AED6-48ED-90DE-D53FC1F88686}.Debug|Any CPU.Build.0 = Debug|Any CPU
		{6224653A-AED6-48ED-90DE-D53FC1F88686}.Release|Any CPU.ActiveCfg = Release|Any CPU
		{6224653A-AED6-48ED-90DE-D53FC1F88686}.Release|Any CPU.Build.0 = Release|Any CPU
	EndGlobalSection
	GlobalSection(SolutionProperties) = preSolution
		HideSolutionNode = FALSE
	EndGlobalSection
	GlobalSection(ExtensibilityGlobals) = postSolution
		SolutionGuid = {4FA5F590-0FEF-43B3-BF3C-7FD53E5A2223}
	EndGlobalSection
EndGlobal
